// !$*UTF8*$!
{
	archiveVersion = 1;
	classes = {
	};
	objectVersion = 55;
	objects = {

/* Begin PBXBuildFile section */
		FB45405828A4FE16006B4722 /* README.md in Resources */ = {isa = PBXBuildFile; fileRef = FB45405728A4FE16006B4722 /* README.md */; };
		FB45405A28A503DB006B4722 /* SafariView.swift in Sources */ = {isa = PBXBuildFile; fileRef = FB45405928A503DB006B4722 /* SafariView.swift */; };
		FB83DF6F28A3DE7F009BA46A /* reposearchuiApp.swift in Sources */ = {isa = PBXBuildFile; fileRef = FB83DF6E28A3DE7F009BA46A /* reposearchuiApp.swift */; };
		FB83DF7128A3DE7F009BA46A /* GithubRepoSearchingApp.swift in Sources */ = {isa = PBXBuildFile; fileRef = FB83DF7028A3DE7F009BA46A /* GithubRepoSearchingApp.swift */; };
		FB83DF7328A3DE80009BA46A /* Assets.xcassets in Resources */ = {isa = PBXBuildFile; fileRef = FB83DF7228A3DE80009BA46A /* Assets.xcassets */; };
		FB83DF7628A3DE80009BA46A /* Preview Assets.xcassets in Resources */ = {isa = PBXBuildFile; fileRef = FB83DF7528A3DE80009BA46A /* Preview Assets.xcassets */; };
		FB83DF7D28A3DFC0009BA46A /* Searcher.swift in Sources */ = {isa = PBXBuildFile; fileRef = FB83DF7C28A3DFC0009BA46A /* Searcher.swift */; };
/* End PBXBuildFile section */

/* Begin PBXFileReference section */
		FB45405728A4FE16006B4722 /* README.md */ = {isa = PBXFileReference; fileEncoding = 4; lastKnownFileType = net.daringfireball.markdown; path = README.md; sourceTree = "<group>"; };
		FB45405928A503DB006B4722 /* SafariView.swift */ = {isa = PBXFileReference; lastKnownFileType = sourcecode.swift; path = SafariView.swift; sourceTree = "<group>"; };
		FB83DF6B28A3DE7F009BA46A /* reposearchui.app */ = {isa = PBXFileReference; explicitFileType = wrapper.application; includeInIndex = 0; path = reposearchui.app; sourceTree = BUILT_PRODUCTS_DIR; };
		FB83DF6E28A3DE7F009BA46A /* reposearchuiApp.swift */ = {isa = PBXFileReference; lastKnownFileType = sourcecode.swift; path = reposearchuiApp.swift; sourceTree = "<group>"; };
		FB83DF7028A3DE7F009BA46A /* GithubRepoSearchingApp.swift */ = {isa = PBXFileReference; lastKnownFileType = sourcecode.swift; path = GithubRepoSearchingApp.swift; sourceTree = "<group>"; };
		FB83DF7228A3DE80009BA46A /* Assets.xcassets */ = {isa = PBXFileReference; lastKnownFileType = folder.assetcatalog; path = Assets.xcassets; sourceTree = "<group>"; };
		FB83DF7528A3DE80009BA46A /* Preview Assets.xcassets */ = {isa = PBXFileReference; lastKnownFileType = folder.assetcatalog; path = "Preview Assets.xcassets"; sourceTree = "<group>"; };
		FB83DF7C28A3DFC0009BA46A /* Searcher.swift */ = {isa = PBXFileReference; fileEncoding = 4; lastKnownFileType = sourcecode.swift; path = Searcher.swift; sourceTree = "<group>"; };
/* End PBXFileReference section */

/* Begin PBXFrameworksBuildPhase section */
		FB83DF6828A3DE7F009BA46A /* Frameworks */ = {
			isa = PBXFrameworksBuildPhase;
			buildActionMask = 2147483647;
			files = (
			);
			runOnlyForDeploymentPostprocessing = 0;
		};
/* End PBXFrameworksBuildPhase section */

/* Begin PBXGroup section */
		FB83DF6228A3DE7F009BA46A = {
			isa = PBXGroup;
			children = (
				FB45405728A4FE16006B4722 /* README.md */,
				FB83DF6D28A3DE7F009BA46A /* reposearchui */,
				FB83DF6C28A3DE7F009BA46A /* Products */,
			);
			sourceTree = "<group>";
		};
		FB83DF6C28A3DE7F009BA46A /* Products */ = {
			isa = PBXGroup;
			children = (
				FB83DF6B28A3DE7F009BA46A /* reposearchui.app */,
			);
			name = Products;
			sourceTree = "<group>";
		};
		FB83DF6D28A3DE7F009BA46A /* reposearchui */ = {
			isa = PBXGroup;
			children = (
				FB83DF7C28A3DFC0009BA46A /* Searcher.swift */,
				FB83DF6E28A3DE7F009BA46A /* reposearchuiApp.swift */,
				FB83DF7028A3DE7F009BA46A /* GithubRepoSearchingApp.swift */,
				FB45405928A503DB006B4722 /* SafariView.swift */,
				FB83DF7228A3DE80009BA46A /* Assets.xcassets */,
				FB83DF7428A3DE80009BA46A /* Preview Content */,
			);
			path = reposearchui;
			sourceTree = "<group>";
		};
		FB83DF7428A3DE80009BA46A /* Preview Content */ = {
			isa = PBXGroup;
			children = (
				FB83DF7528A3DE80009BA46A /* Preview Assets.xcassets */,
			);
			path = "Preview Content";
			sourceTree = "<group>";
		};
/* End PBXGroup section */

/* Begin PBXNativeTarget section */
		FB83DF6A28A3DE7F009BA46A /* reposearchui */ = {
			isa = PBXNativeTarget;
			buildConfigurationList = FB83DF7928A3DE80009BA46A /* Build configuration list for PBXNativeTarget "reposearchui" */;
			buildPhases = (
				FB83DF6728A3DE7F009BA46A /* Sources */,
				FB83DF6828A3DE7F009BA46A /* Frameworks */,
				FB83DF6928A3DE7F009BA46A /* Resources */,
			);
			buildRules = (
			);
			dependencies = (
			);
			name = reposearchui;
			productName = reposearchui;
			productReference = FB83DF6B28A3DE7F009BA46A /* reposearchui.app */;
			productType = "com.apple.product-type.application";
		};
/* End PBXNativeTarget section */

/* Begin PBXProject section */
		FB83DF6328A3DE7F009BA46A /* Project object */ = {
			isa = PBXProject;
			attributes = {
				BuildIndependentTargetsInParallel = 1;
				LastSwiftUpdateCheck = 1340;
				LastUpgradeCheck = 1340;
				TargetAttributes = {
					FB83DF6A28A3DE7F009BA46A = {
						CreatedOnToolsVersion = 13.4.1;
					};
				};
			};
			buildConfigurationList = FB83DF6628A3DE7F009BA46A /* Build configuration list for PBXProject "reposearchui" */;
			compatibilityVersion = "Xcode 13.0";
			developmentRegion = en;
			hasScannedForEncodings = 0;
			knownRegions = (
				en,
				Base,
			);
			mainGroup = FB83DF6228A3DE7F009BA46A;
			productRefGroup = FB83DF6C28A3DE7F009BA46A /* Products */;
			projectDirPath = "";
			projectRoot = "";
			targets = (
				FB83DF6A28A3DE7F009BA46A /* reposearchui */,
			);
		};
/* End PBXProject section */

/* Begin PBXResourcesBuildPhase section */
		FB83DF6928A3DE7F009BA46A /* Resources */ = {
			isa = PBXResourcesBuildPhase;
			buildActionMask = 2147483647;
			files = (
				FB45405828A4FE16006B4722 /* README.md in Resources */,
				FB83DF7628A3DE80009BA46A /* Preview Assets.xcassets in Resources */,
				FB83DF7328A3DE80009BA46A /* Assets.xcassets in Resources */,
			);
			runOnlyForDeploymentPostprocessing = 0;
		};
/* End PBXResourcesBuildPhase section */

/* Begin PBXSourcesBuildPhase section */
		FB83DF6728A3DE7F009BA46A /* Sources */ = {
			isa = PBXSourcesBuildPhase;
			buildActionMask = 2147483647;
			files = (
				FB45405A28A503DB006B4722 /* SafariView.swift in Sources */,
				FB83DF7128A3DE7F009BA46A /* GithubRepoSearchingApp.swift in Sources */,
				FB83DF6F28A3DE7F009BA46A /* reposearchuiApp.swift in Sources */,
				FB83DF7D28A3DFC0009BA46A /* Searcher.swift in Sources */,
			);
			runOnlyForDeploymentPostprocessing = 0;
		};
/* End PBXSourcesBuildPhase section */

/* Begin XCBuildConfiguration section */
		FB83DF7728A3DE80009BA46A /* Debug */ = {
			isa = XCBuildConfiguration;
			buildSettings = {
				ALWAYS_SEARCH_USER_PATHS = NO;
				CLANG_ANALYZER_NONNULL = YES;
				CLANG_ANALYZER_NUMBER_OBJECT_CONVERSION = YES_AGGRESSIVE;
				CLANG_CXX_LANGUAGE_STANDARD = "gnu++17";
				CLANG_ENABLE_MODULES = YES;
				CLANG_ENABLE_OBJC_ARC = YES;
				CLANG_ENABLE_OBJC_WEAK = YES;
				CLANG_WARN_BLOCK_CAPTURE_AUTORELEASING = YES;
				CLANG_WARN_BOOL_CONVERSION = YES;
				CLANG_WARN_COMMA = YES;
				CLANG_WARN_CONSTANT_CONVERSION = YES;
				CLANG_WARN_DEPRECATED_OBJC_IMPLEMENTATIONS = YES;
				CLANG_WARN_DIRECT_OBJC_ISA_USAGE = YES_ERROR;
				CLANG_WARN_DOCUMENTATION_COMMENTS = YES;
				CLANG_WARN_EMPTY_BODY = YES;
				CLANG_WARN_ENUM_CONVERSION = YES;
				CLANG_WARN_INFINITE_RECURSION = YES;
				CLANG_WARN_INT_CONVERSION = YES;
				CLANG_WARN_NON_LITERAL_NULL_CONVERSION = YES;
				CLANG_WARN_OBJC_IMPLICIT_RETAIN_SELF = YES;
				CLANG_WARN_OBJC_LITERAL_CONVERSION = YES;
				CLANG_WARN_OBJC_ROOT_CLASS = YES_ERROR;
				CLANG_WARN_QUOTED_INCLUDE_IN_FRAMEWORK_HEADER = YES;
				CLANG_WARN_RANGE_LOOP_ANALYSIS = YES;
				CLANG_WARN_STRICT_PROTOTYPES = YES;
				CLANG_WARN_SUSPICIOUS_MOVE = YES;
				CLANG_WARN_UNGUARDED_AVAILABILITY = YES_AGGRESSIVE;
				CLANG_WARN_UNREACHABLE_CODE = YES;
				CLANG_WARN__DUPLICATE_METHOD_MATCH = YES;
				COPY_PHASE_STRIP = NO;
				DEBUG_INFORMATION_FORMAT = dwarf;
				ENABLE_STRICT_OBJC_MSGSEND = YES;
				ENABLE_TESTABILITY = YES;
				GCC_C_LANGUAGE_STANDARD = gnu11;
				GCC_DYNAMIC_NO_PIC = NO;
				GCC_NO_COMMON_BLOCKS = YES;
				GCC_OPTIMIZATION_LEVEL = 0;
				GCC_PREPROCESSOR_DEFINITIONS = (
					"DEBUG=1",
					"$(inherited)",
				);
				GCC_WARN_64_TO_32_BIT_CONVERSION = YES;
				GCC_WARN_ABOUT_RETURN_TYPE = YES_ERROR;
				GCC_WARN_UNDECLARED_SELECTOR = YES;
				GCC_WARN_UNINITIALIZED_AUTOS = YES_AGGRESSIVE;
				GCC_WARN_UNUSED_FUNCTION = YES;
				GCC_WARN_UNUSED_VARIABLE = YES;
				IPHONEOS_DEPLOYMENT_TARGET = 15.5;
				MTL_ENABLE_DEBUG_INFO = INCLUDE_SOURCE;
				MTL_FAST_MATH = YES;
				ONLY_ACTIVE_ARCH = YES;
				SDKROOT = iphoneos;
				SWIFT_ACTIVE_COMPILATION_CONDITIONS = DEBUG;
				SWIFT_OPTIMIZATION_LEVEL = "-Onone";
			};
			name = Debug;
		};
		FB83DF7828A3DE80009BA46A /* Release */ = {
			isa = XCBuildConfiguration;
			buildSettings = {
				ALWAYS_SEARCH_USER_PATHS = NO;
				CLANG_ANALYZER_NONNULL = YES;
				CLANG_ANALYZER_NUMBER_OBJECT_CONVERSION = YES_AGGRESSIVE;
				CLANG_CXX_LANGUAGE_STANDARD = "gnu++17";
				CLANG_ENABLE_MODULES = YES;
				CLANG_ENABLE_OBJC_ARC = YES;
				CLANG_ENABLE_OBJC_WEAK = YES;
				CLANG_WARN_BLOCK_CAPTURE_AUTORELEASING = YES;
				CLANG_WARN_BOOL_CONVERSION = YES;
				CLANG_WARN_COMMA = YES;
				CLANG_WARN_CONSTANT_CONVERSION = YES;
				CLANG_WARN_DEPRECATED_OBJC_IMPLEMENTATIONS = YES;
				CLANG_WARN_DIRECT_OBJC_ISA_USAGE = YES_ERROR;
				CLANG_WARN_DOCUMENTATION_COMMENTS = YES;
				CLANG_WARN_EMPTY_BODY = YES;
				CLANG_WARN_ENUM_CONVERSION = YES;
				CLANG_WARN_INFINITE_RECURSION = YES;
				CLANG_WARN_INT_CONVERSION = YES;
				CLANG_WARN_NON_LITERAL_NULL_CONVERSION = YES;
				CLANG_WARN_OBJC_IMPLICIT_RETAIN_SELF = YES;
				CLANG_WARN_OBJC_LITERAL_CONVERSION = YES;
				CLANG_WARN_OBJC_ROOT_CLASS = YES_ERROR;
				CLANG_WARN_QUOTED_INCLUDE_IN_FRAMEWORK_HEADER = YES;
				CLANG_WARN_RANGE_LOOP_ANALYSIS = YES;
				CLANG_WARN_STRICT_PROTOTYPES = YES;
				CLANG_WARN_SUSPICIOUS_MOVE = YES;
				CLANG_WARN_UNGUARDED_AVAILABILITY = YES_AGGRESSIVE;
				CLANG_WARN_UNREACHABLE_CODE = YES;
				CLANG_WARN__DUPLICATE_METHOD_MATCH = YES;
				COPY_PHASE_STRIP = NO;
				DEBUG_INFORMATION_FORMAT = "dwarf-with-dsym";
				ENABLE_NS_ASSERTIONS = NO;
				ENABLE_STRICT_OBJC_MSGSEND = YES;
				GCC_C_LANGUAGE_STANDARD = gnu11;
				GCC_NO_COMMON_BLOCKS = YES;
				GCC_WARN_64_TO_32_BIT_CONVERSION = YES;
				GCC_WARN_ABOUT_RETURN_TYPE = YES_ERROR;
				GCC_WARN_UNDECLARED_SELECTOR = YES;
				GCC_WARN_UNINITIALIZED_AUTOS = YES_AGGRESSIVE;
				GCC_WARN_UNUSED_FUNCTION = YES;
				GCC_WARN_UNUSED_VARIABLE = YES;
				IPHONEOS_DEPLOYMENT_TARGET = 15.5;
				MTL_ENABLE_DEBUG_INFO = NO;
				MTL_FAST_MATH = YES;
				SDKROOT = iphoneos;
				SWIFT_COMPILATION_MODE = wholemodule;
				SWIFT_OPTIMIZATION_LEVEL = "-O";
				VALIDATE_PRODUCT = YES;
			};
			name = Release;
		};
		FB83DF7A28A3DE80009BA46A /* Debug */ = {
			isa = XCBuildConfiguration;
			buildSettings = {
				ASSETCATALOG_COMPILER_APPICON_NAME = AppIcon;
				ASSETCATALOG_COMPILER_GLOBAL_ACCENT_COLOR_NAME = AccentColor;
				CODE_SIGN_STYLE = Automatic;
				CURRENT_PROJECT_VERSION = 1;
				DEVELOPMENT_ASSET_PATHS = "\"reposearchui/Preview Content\"";
				DEVELOPMENT_TEAM = VJ38T454W3;
				ENABLE_PREVIEWS = YES;
				GENERATE_INFOPLIST_FILE = YES;
				INFOPLIST_KEY_UIApplicationSceneManifest_Generation = YES;
				INFOPLIST_KEY_UIApplicationSupportsIndirectInputEvents = YES;
				INFOPLIST_KEY_UILaunchScreen_Generation = YES;
				INFOPLIST_KEY_UISupportedInterfaceOrientations_iPad = "UIInterfaceOrientationPortrait UIInterfaceOrientationPortraitUpsideDown UIInterfaceOrientationLandscapeLeft UIInterfaceOrientationLandscapeRight";
				INFOPLIST_KEY_UISupportedInterfaceOrientations_iPhone = "UIInterfaceOrientationPortrait UIInterfaceOrientationLandscapeLeft UIInterfaceOrientationLandscapeRight";
				LD_RUNPATH_SEARCH_PATHS = (
					"$(inherited)",
					"@executable_path/Frameworks",
				);
				MARKETING_VERSION = 1.0;
				PRODUCT_BUNDLE_IDENTIFIER = com.reposearch.reposearchui;
				PRODUCT_NAME = "$(TARGET_NAME)";
				SWIFT_EMIT_LOC_STRINGS = YES;
				SWIFT_VERSION = 5.0;
				TARGETED_DEVICE_FAMILY = "1,2";
			};
			name = Debug;
		};
		FB83DF7B28A3DE80009BA46A /* Release */ = {
			isa = XCBuildConfiguration;
			buildSettings = {
				ASSETCATALOG_COMPILER_APPICON_NAME = AppIcon;
				ASSETCATALOG_COMPILER_GLOBAL_ACCENT_COLOR_NAME = AccentColor;
				CODE_SIGN_STYLE = Automatic;
				CURRENT_PROJECT_VERSION = 1;
				DEVELOPMENT_ASSET_PATHS = "\"reposearchui/Preview Content\"";
				DEVELOPMENT_TEAM = VJ38T454W3;
				ENABLE_PREVIEWS = YES;
				GENERATE_INFOPLIST_FILE = YES;
				INFOPLIST_KEY_UIApplicationSceneManifest_Generation = YES;
				INFOPLIST_KEY_UIApplicationSupportsIndirectInputEvents = YES;
				INFOPLIST_KEY_UILaunchScreen_Generation = YES;
				INFOPLIST_KEY_UISupportedInterfaceOrientations_iPad = "UIInterfaceOrientationPortrait UIInterfaceOrientationPortraitUpsideDown UIInterfaceOrientationLandscapeLeft UIInterfaceOrientationLandscapeRight";
				INFOPLIST_KEY_UISupportedInterfaceOrientations_iPhone = "UIInterfaceOrientationPortrait UIInterfaceOrientationLandscapeLeft UIInterfaceOrientationLandscapeRight";
				LD_RUNPATH_SEARCH_PATHS = (
					"$(inherited)",
					"@executable_path/Frameworks",
				);
				MARKETING_VERSION = 1.0;
				PRODUCT_BUNDLE_IDENTIFIER = com.reposearch.reposearchui;
				PRODUCT_NAME = "$(TARGET_NAME)";
				SWIFT_EMIT_LOC_STRINGS = YES;
				SWIFT_VERSION = 5.0;
				TARGETED_DEVICE_FAMILY = "1,2";
			};
			name = Release;
		};
/* End XCBuildConfiguration section */

/* Begin XCConfigurationList section */
		FB83DF6628A3DE7F009BA46A /* Build configuration list for PBXProject "reposearchui" */ = {
			isa = XCConfigurationList;
			buildConfigurations = (
				FB83DF7728A3DE80009BA46A /* Debug */,
				FB83DF7828A3DE80009BA46A /* Release */,
			);
			defaultConfigurationIsVisible = 0;
			defaultConfigurationName = Release;
		};
		FB83DF7928A3DE80009BA46A /* Build configuration list for PBXNativeTarget "reposearchui" */ = {
			isa = XCConfigurationList;
			buildConfigurations = (
				FB83DF7A28A3DE80009BA46A /* Debug */,
				FB83DF7B28A3DE80009BA46A /* Release */,
			);
			defaultConfigurationIsVisible = 0;
			defaultConfigurationName = Release;
		};
/* End XCConfigurationList section */
	};
	rootObject = FB83DF6328A3DE7F009BA46A /* Project object */;
}
